Microsoft Visual Studio Solution File, Format Version 12.00
# Visual Studio 2012
Project("{FAE04EC0-301F-11D3-BF4B-00C04F79EFBC}") = "godot-hexmap", "godot-hexmap.csproj", "{81AB745D-8D1B-48F0-88E2-CC89261C4B47}"
EndProject
Global
	GlobalSection(SolutionConfigurationPlatforms) = preSolution
	Debug|Any CPU = Debug|Any CPU
	ExportDebug|Any CPU = ExportDebug|Any CPU
	ExportRelease|Any CPU = ExportRelease|Any CPU
	EndGlobalSection
	GlobalSection(ProjectConfigurationPlatforms) = postSolution
		{81AB745D-8D1B-48F0-88E2-CC89261C4B47}.Debug|Any CPU.ActiveCfg = Debug|Any CPU
		{81AB745D-8D1B-48F0-88E2-CC89261C4B47}.Debug|Any CPU.Build.0 = Debug|Any CPU
		{81AB745D-8D1B-48F0-88E2-CC89261C4B47}.ExportDebug|Any CPU.ActiveCfg = ExportDebug|Any CPU
		{81AB745D-8D1B-48F0-88E2-CC89261C4B47}.ExportDebug|Any CPU.Build.0 = ExportDebug|Any CPU
		{81AB745D-8D1B-48F0-88E2-CC89261C4B47}.ExportRelease|Any CPU.ActiveCfg = ExportRelease|Any CPU
		{81AB745D-8D1B-48F0-88E2-CC89261C4B47}.ExportRelease|Any CPU.Build.0 = ExportRelease|Any CPU
	EndGlobalSection
EndGlobal
